
Microsoft Visual Studio Solution File, Format Version 12.00
# Visual Studio Version 16
VisualStudioVersion = 16.0.31410.357
MinimumVisualStudioVersion = 10.0.40219.1
Project("{FAE04EC0-301F-11D3-BF4B-00C04F79EFBC}") = "ExemploWebAPI", "ExemploWebAPI\ExemploWebAPI.csproj", "{1CB66BCD-9BB9-4893-82F6-D1F4E6CDE6ED}"
EndProject
Global
	GlobalSection(SolutionConfigurationPlatforms) = preSolution
		Debug|Any CPU = Debug|Any CPU
		Release|Any CPU = Release|Any CPU
	EndGlobalSection
	GlobalSection(ProjectConfigurationPlatforms) = postSolution
		{1CB66BCD-9BB9-4893-82F6-D1F4E6CDE6ED}.Debug|Any CPU.ActiveCfg = Debug|Any CPU
		{1CB66BCD-9BB9-4893-82F6-D1F4E6CDE6ED}.Debug|Any CPU.Build.0 = Debug|Any CPU
		{1CB66BCD-9BB9-4893-82F6-D1F4E6CDE6ED}.Release|Any CPU.ActiveCfg = Release|Any CPU
		{1CB66BCD-9BB9-4893-82F6-D1F4E6CDE6ED}.Release|Any CPU.Build.0 = Release|Any CPU
	EndGlobalSection
	GlobalSection(SolutionProperties) = preSolution
		HideSolutionNode = FALSE
	EndGlobalSection
	GlobalSection(ExtensibilityGlobals) = postSolution
		SolutionGuid = {949F644A-C8C1-4F25-93A3-7FE53B788F56}
	EndGlobalSection
EndGlobal
